{
  "name": "package_configurer",
  "version": "1.0.0",
  "lockfileVersion": 3,
  "requires": true,
  "packages": {
    "": {
      "name": "package_configurer",
      "version": "1.0.0",
      "license": "ISC"
    },
    "../JSON_Saver": {
      "name": "json_saver",
      "version": "1.0.0",
      "extraneous": true,
      "license": "ISC",
      "dependencies": {
        "directory_checker": "file:../Directory_Checker"
      }
    }
  }
}
